
Microsoft Visual Studio Solution File, Format Version 12.00
# Visual Studio Version 17
VisualStudioVersion = 17.9.34723.18
MinimumVisualStudioVersion = 10.0.40219.1
Project("{9A19103F-16F7-4668-BE54-9A1E7A4F7556}") = "MessageBus", "MessageBus\MessageBus.csproj", "{4D5DE2A1-D6D4-4AE5-871C-2A58F63FEB1A}"
EndProject
Project("{9A19103F-16F7-4668-BE54-9A1E7A4F7556}") = "WebAPI", "WebAPI\WebAPI.csproj", "{90605C67-6021-48F7-BF19-656D94E2FD19}"
EndProject
Project("{9A19103F-16F7-4668-BE54-9A1E7A4F7556}") = "Users", "Users\Users.csproj", "{CF37D826-0301-4646-8A49-0FEE7FC27B1A}"
EndProject
Project("{9A19103F-16F7-4668-BE54-9A1E7A4F7556}") = "Users.Contracts", "Users.Contracts\Users.Contracts.csproj", "{A2DA2AB8-D74C-4B76-AFF8-52F778BFF770}"
EndProject
Global
	GlobalSection(SolutionConfigurationPlatforms) = preSolution
		Debug|Any CPU = Debug|Any CPU
		Release|Any CPU = Release|Any CPU
	EndGlobalSection
	GlobalSection(ProjectConfigurationPlatforms) = postSolution
		{4D5DE2A1-D6D4-4AE5-871C-2A58F63FEB1A}.Debug|Any CPU.ActiveCfg = Debug|Any CPU
		{4D5DE2A1-D6D4-4AE5-871C-2A58F63FEB1A}.Debug|Any CPU.Build.0 = Debug|Any CPU
		{4D5DE2A1-D6D4-4AE5-871C-2A58F63FEB1A}.Release|Any CPU.ActiveCfg = Release|Any CPU
		{4D5DE2A1-D6D4-4AE5-871C-2A58F63FEB1A}.Release|Any CPU.Build.0 = Release|Any CPU
		{90605C67-6021-48F7-BF19-656D94E2FD19}.Debug|Any CPU.ActiveCfg = Debug|Any CPU
		{90605C67-6021-48F7-BF19-656D94E2FD19}.Debug|Any CPU.Build.0 = Debug|Any CPU
		{90605C67-6021-48F7-BF19-656D94E2FD19}.Release|Any CPU.ActiveCfg = Release|Any CPU
		{90605C67-6021-48F7-BF19-656D94E2FD19}.Release|Any CPU.Build.0 = Release|Any CPU
		{CF37D826-0301-4646-8A49-0FEE7FC27B1A}.Debug|Any CPU.ActiveCfg = Debug|Any CPU
		{CF37D826-0301-4646-8A49-0FEE7FC27B1A}.Debug|Any CPU.Build.0 = Debug|Any CPU
		{CF37D826-0301-4646-8A49-0FEE7FC27B1A}.Release|Any CPU.ActiveCfg = Release|Any CPU
		{CF37D826-0301-4646-8A49-0FEE7FC27B1A}.Release|Any CPU.Build.0 = Release|Any CPU
		{A2DA2AB8-D74C-4B76-AFF8-52F778BFF770}.Debug|Any CPU.ActiveCfg = Debug|Any CPU
		{A2DA2AB8-D74C-4B76-AFF8-52F778BFF770}.Debug|Any CPU.Build.0 = Debug|Any CPU
		{A2DA2AB8-D74C-4B76-AFF8-52F778BFF770}.Release|Any CPU.ActiveCfg = Release|Any CPU
		{A2DA2AB8-D74C-4B76-AFF8-52F778BFF770}.Release|Any CPU.Build.0 = Release|Any CPU
	EndGlobalSection
	GlobalSection(SolutionProperties) = preSolution
		HideSolutionNode = FALSE
	EndGlobalSection
	GlobalSection(ExtensibilityGlobals) = postSolution
		SolutionGuid = {D3CAB9FC-1804-4F56-B2B3-8976D823E036}
	EndGlobalSection
EndGlobal
